
Microsoft Visual Studio Solution File, Format Version 12.00
# Visual Studio Version 17
VisualStudioVersion = 17.0.31903.59
MinimumVisualStudioVersion = 10.0.40219.1
Project("{2150E333-8FDC-42A3-9474-1A3956D46DE8}") = "src", "src", "{134300E2-25F5-4E8B-BEB7-0602921F63E5}"
EndProject
Project("{FAE04EC0-301F-11D3-BF4B-00C04F79EFBC}") = "AuthMicro.Identity", "src\AuthMicro.Identity\AuthMicro.Identity.csproj", "{6A44D86C-2A38-4897-8E63-8AC1D44342BA}"
EndProject
Project("{FAE04EC0-301F-11D3-BF4B-00C04F79EFBC}") = "AuthMicro.Product", "src\AuthMicro.Product\AuthMicro.Product.csproj", "{7CB0E386-AE3B-46B4-8CAA-4D405FC9D974}"
EndProject
Global
	GlobalSection(SolutionConfigurationPlatforms) = preSolution
		Debug|Any CPU = Debug|Any CPU
		Release|Any CPU = Release|Any CPU
	EndGlobalSection
	GlobalSection(ProjectConfigurationPlatforms) = postSolution
		{6A44D86C-2A38-4897-8E63-8AC1D44342BA}.Debug|Any CPU.ActiveCfg = Debug|Any CPU
		{6A44D86C-2A38-4897-8E63-8AC1D44342BA}.Debug|Any CPU.Build.0 = Debug|Any CPU
		{6A44D86C-2A38-4897-8E63-8AC1D44342BA}.Release|Any CPU.ActiveCfg = Release|Any CPU
		{6A44D86C-2A38-4897-8E63-8AC1D44342BA}.Release|Any CPU.Build.0 = Release|Any CPU
		{7CB0E386-AE3B-46B4-8CAA-4D405FC9D974}.Debug|Any CPU.ActiveCfg = Debug|Any CPU
		{7CB0E386-AE3B-46B4-8CAA-4D405FC9D974}.Debug|Any CPU.Build.0 = Debug|Any CPU
		{7CB0E386-AE3B-46B4-8CAA-4D405FC9D974}.Release|Any CPU.ActiveCfg = Release|Any CPU
		{7CB0E386-AE3B-46B4-8CAA-4D405FC9D974}.Release|Any CPU.Build.0 = Release|Any CPU
	EndGlobalSection
	GlobalSection(SolutionProperties) = preSolution
		HideSolutionNode = FALSE
	EndGlobalSection
	GlobalSection(NestedProjects) = preSolution
		{6A44D86C-2A38-4897-8E63-8AC1D44342BA} = {134300E2-25F5-4E8B-BEB7-0602921F63E5}
		{7CB0E386-AE3B-46B4-8CAA-4D405FC9D974} = {134300E2-25F5-4E8B-BEB7-0602921F63E5}
	EndGlobalSection
EndGlobal
